
Microsoft Visual Studio Solution File, Format Version 12.00
Project("{FAE04EC0-301F-11D3-BF4B-00C04F79EFBC}") = "DojoCSharp", "DojoCSharp\DojoCSharp.csproj", "{24BB228C-9ACD-4E2E-BD8C-18D6D4997518}"
EndProject
Project("{FAE04EC0-301F-11D3-BF4B-00C04F79EFBC}") = "DojoCSharp.UnitTests", "DojoCSharp.UnitTests\DojoCSharp.UnitTests.csproj", "{6CC8D01E-9ADF-46C5-B177-566B1B5344A3}"
EndProject
Global
	GlobalSection(SolutionConfigurationPlatforms) = preSolution
		Debug|Any CPU = Debug|Any CPU
		Release|Any CPU = Release|Any CPU
	EndGlobalSection
	GlobalSection(ProjectConfigurationPlatforms) = postSolution
		{24BB228C-9ACD-4E2E-BD8C-18D6D4997518}.Debug|Any CPU.ActiveCfg = Debug|Any CPU
		{24BB228C-9ACD-4E2E-BD8C-18D6D4997518}.Debug|Any CPU.Build.0 = Debug|Any CPU
		{24BB228C-9ACD-4E2E-BD8C-18D6D4997518}.Release|Any CPU.ActiveCfg = Release|Any CPU
		{24BB228C-9ACD-4E2E-BD8C-18D6D4997518}.Release|Any CPU.Build.0 = Release|Any CPU
		{6CC8D01E-9ADF-46C5-B177-566B1B5344A3}.Debug|Any CPU.ActiveCfg = Debug|Any CPU
		{6CC8D01E-9ADF-46C5-B177-566B1B5344A3}.Debug|Any CPU.Build.0 = Debug|Any CPU
		{6CC8D01E-9ADF-46C5-B177-566B1B5344A3}.Release|Any CPU.ActiveCfg = Release|Any CPU
		{6CC8D01E-9ADF-46C5-B177-566B1B5344A3}.Release|Any CPU.Build.0 = Release|Any CPU
	EndGlobalSection
EndGlobal
